
Microsoft Visual Studio Solution File, Format Version 12.00
# Visual Studio 15
VisualStudioVersion = 15.0.26730.16
MinimumVisualStudioVersion = 10.0.40219.1
Project("{8BC9CEB8-8B4A-11D0-8D11-00A0C91BC942}") = "src", "src\src.vcxproj", "{D872D2A5-EA50-43EE-8AEA-0E4FFA2DA9FF}"
EndProject
Global
	GlobalSection(SolutionConfigurationPlatforms) = preSolution
		Debug|x64 = Debug|x64
		Debug|x86 = Debug|x86
		Release|x64 = Release|x64
		Release|x86 = Release|x86
	EndGlobalSection
	GlobalSection(ProjectConfigurationPlatforms) = postSolution
		{D872D2A5-EA50-43EE-8AEA-0E4FFA2DA9FF}.Debug|x64.ActiveCfg = Debug|x64
		{D872D2A5-EA50-43EE-8AEA-0E4FFA2DA9FF}.Debug|x64.Build.0 = Debug|x64
		{D872D2A5-EA50-43EE-8AEA-0E4FFA2DA9FF}.Debug|x86.ActiveCfg = Debug|Win32
		{D872D2A5-EA50-43EE-8AEA-0E4FFA2DA9FF}.Debug|x86.Build.0 = Debug|Win32
		{D872D2A5-EA50-43EE-8AEA-0E4FFA2DA9FF}.Release|x64.ActiveCfg = Release|x64
		{D872D2A5-EA50-43EE-8AEA-0E4FFA2DA9FF}.Release|x64.Build.0 = Release|x64
		{D872D2A5-EA50-43EE-8AEA-0E4FFA2DA9FF}.Release|x86.ActiveCfg = Release|Win32
		{D872D2A5-EA50-43EE-8AEA-0E4FFA2DA9FF}.Release|x86.Build.0 = Release|Win32
	EndGlobalSection
	GlobalSection(SolutionProperties) = preSolution
		HideSolutionNode = FALSE
	EndGlobalSection
	GlobalSection(ExtensibilityGlobals) = postSolution
		SolutionGuid = {AE7FF63F-D204-449D-B00C-068C2E917CEB}
	EndGlobalSection
EndGlobal
